// !$*UTF8*$!
{
	archiveVersion = 1;
	classes = {
	};
	objectVersion = 56;
	objects = {

/* Begin PBXBuildFile section */
		0AB720DEACEF3F98C5EA67ED /* Pods_paperView.framework in Frameworks */ = {isa = PBXBuildFile; fileRef = F47090A6B0BCFDA54112AD7E /* Pods_paperView.framework */; };
		46358A0A2A8B82220032097C /* AppDelegate.swift in Sources */ = {isa = PBXBuildFile; fileRef = 46358A092A8B82220032097C /* AppDelegate.swift */; };
		46358A0C2A8B82220032097C /* SceneDelegate.swift in Sources */ = {isa = PBXBuildFile; fileRef = 46358A0B2A8B82220032097C /* SceneDelegate.swift */; };
		46358A0E2A8B82220032097C /* ViewController.swift in Sources */ = {isa = PBXBuildFile; fileRef = 46358A0D2A8B82220032097C /* ViewController.swift */; };
		46358A112A8B82220032097C /* Main.storyboard in Resources */ = {isa = PBXBuildFile; fileRef = 46358A0F2A8B82220032097C /* Main.storyboard */; };
		46358A132A8B82240032097C /* Assets.xcassets in Resources */ = {isa = PBXBuildFile; fileRef = 46358A122A8B82240032097C /* Assets.xcassets */; };
		46358A162A8B82240032097C /* LaunchScreen.storyboard in Resources */ = {isa = PBXBuildFile; fileRef = 46358A142A8B82240032097C /* LaunchScreen.storyboard */; };
		46F7F0DC2A8B902C002B6935 /* 3.jpg in Resources */ = {isa = PBXBuildFile; fileRef = 46F7F0D82A8B902C002B6935 /* 3.jpg */; };
		46F7F0DD2A8B902C002B6935 /* 2.jpg in Resources */ = {isa = PBXBuildFile; fileRef = 46F7F0D92A8B902C002B6935 /* 2.jpg */; };
		46F7F0DE2A8B902C002B6935 /* 1.jpg in Resources */ = {isa = PBXBuildFile; fileRef = 46F7F0DA2A8B902C002B6935 /* 1.jpg */; };
		46F7F0DF2A8B902C002B6935 /* 4.jpg in Resources */ = {isa = PBXBuildFile; fileRef = 46F7F0DB2A8B902C002B6935 /* 4.jpg */; };
/* End PBXBuildFile section */

/* Begin PBXFileReference section */
		14DB7EA938A11717A6729CF6 /* Pods-paperView.release.xcconfig */ = {isa = PBXFileReference; includeInIndex = 1; lastKnownFileType = text.xcconfig; name = "Pods-paperView.release.xcconfig"; path = "Target Support Files/Pods-paperView/Pods-paperView.release.xcconfig"; sourceTree = "<group>"; };
		46358A062A8B82220032097C /* paperView.app */ = {isa = PBXFileReference; explicitFileType = wrapper.application; includeInIndex = 0; path = paperView.app; sourceTree = BUILT_PRODUCTS_DIR; };
		46358A092A8B82220032097C /* AppDelegate.swift */ = {isa = PBXFileReference; lastKnownFileType = sourcecode.swift; path = AppDelegate.swift; sourceTree = "<group>"; };
		46358A0B2A8B82220032097C /* SceneDelegate.swift */ = {isa = PBXFileReference; lastKnownFileType = sourcecode.swift; path = SceneDelegate.swift; sourceTree = "<group>"; };
		46358A0D2A8B82220032097C /* ViewController.swift */ = {isa = PBXFileReference; lastKnownFileType = sourcecode.swift; path = ViewController.swift; sourceTree = "<group>"; };
		46358A102A8B82220032097C /* Base */ = {isa = PBXFileReference; lastKnownFileType = file.storyboard; name = Base; path = Base.lproj/Main.storyboard; sourceTree = "<group>"; };
		46358A122A8B82240032097C /* Assets.xcassets */ = {isa = PBXFileReference; lastKnownFileType = folder.assetcatalog; path = Assets.xcassets; sourceTree = "<group>"; };
		46358A152A8B82240032097C /* Base */ = {isa = PBXFileReference; lastKnownFileType = file.storyboard; name = Base; path = Base.lproj/LaunchScreen.storyboard; sourceTree = "<group>"; };
		46358A172A8B82240032097C /* Info.plist */ = {isa = PBXFileReference; lastKnownFileType = text.plist.xml; path = Info.plist; sourceTree = "<group>"; };
		46F7F0D82A8B902C002B6935 /* 3.jpg */ = {isa = PBXFileReference; lastKnownFileType = image.jpeg; path = 3.jpg; sourceTree = "<group>"; };
		46F7F0D92A8B902C002B6935 /* 2.jpg */ = {isa = PBXFileReference; lastKnownFileType = image.jpeg; path = 2.jpg; sourceTree = "<group>"; };
		46F7F0DA2A8B902C002B6935 /* 1.jpg */ = {isa = PBXFileReference; lastKnownFileType = image.jpeg; path = 1.jpg; sourceTree = "<group>"; };
		46F7F0DB2A8B902C002B6935 /* 4.jpg */ = {isa = PBXFileReference; lastKnownFileType = image.jpeg; path = 4.jpg; sourceTree = "<group>"; };
		CD9609CC3EA7D251C88E2CD5 /* Pods-paperView.debug.xcconfig */ = {isa = PBXFileReference; includeInIndex = 1; lastKnownFileType = text.xcconfig; name = "Pods-paperView.debug.xcconfig"; path = "Target Support Files/Pods-paperView/Pods-paperView.debug.xcconfig"; sourceTree = "<group>"; };
		F47090A6B0BCFDA54112AD7E /* Pods_paperView.framework */ = {isa = PBXFileReference; explicitFileType = wrapper.framework; includeInIndex = 0; path = Pods_paperView.framework; sourceTree = BUILT_PRODUCTS_DIR; };
/* End PBXFileReference section */

/* Begin PBXFrameworksBuildPhase section */
		46358A032A8B82220032097C /* Frameworks */ = {
			isa = PBXFrameworksBuildPhase;
			buildActionMask = 2147483647;
			files = (
				0AB720DEACEF3F98C5EA67ED /* Pods_paperView.framework in Frameworks */,
			);
			runOnlyForDeploymentPostprocessing = 0;
		};
/* End PBXFrameworksBuildPhase section */

/* Begin PBXGroup section */
		32FA08CE7B9D0C7E5CECE51A /* Pods */ = {
			isa = PBXGroup;
			children = (
				CD9609CC3EA7D251C88E2CD5 /* Pods-paperView.debug.xcconfig */,
				14DB7EA938A11717A6729CF6 /* Pods-paperView.release.xcconfig */,
			);
			path = Pods;
			sourceTree = "<group>";
		};
		463589FD2A8B82220032097C = {
			isa = PBXGroup;
			children = (
				46358A082A8B82220032097C /* paperView */,
				46358A072A8B82220032097C /* Products */,
				32FA08CE7B9D0C7E5CECE51A /* Pods */,
				DA0BF73FBE0AB87C3325457D /* Frameworks */,
			);
			sourceTree = "<group>";
		};
		46358A072A8B82220032097C /* Products */ = {
			isa = PBXGroup;
			children = (
				46358A062A8B82220032097C /* paperView.app */,
			);
			name = Products;
			sourceTree = "<group>";
		};
		46358A082A8B82220032097C /* paperView */ = {
			isa = PBXGroup;
			children = (
				46F7F0CF2A8B8DE8002B6935 /* Resources */,
				46358A092A8B82220032097C /* AppDelegate.swift */,
				46358A0B2A8B82220032097C /* SceneDelegate.swift */,
				46358A0D2A8B82220032097C /* ViewController.swift */,
				46358A0F2A8B82220032097C /* Main.storyboard */,
				46358A142A8B82240032097C /* LaunchScreen.storyboard */,
				46358A172A8B82240032097C /* Info.plist */,
			);
			path = paperView;
			sourceTree = "<group>";
		};
		46F7F0CF2A8B8DE8002B6935 /* Resources */ = {
			isa = PBXGroup;
			children = (
				46F7F0DA2A8B902C002B6935 /* 1.jpg */,
				46F7F0D92A8B902C002B6935 /* 2.jpg */,
				46F7F0D82A8B902C002B6935 /* 3.jpg */,
				46F7F0DB2A8B902C002B6935 /* 4.jpg */,
				46358A122A8B82240032097C /* Assets.xcassets */,
			);
			path = Resources;
			sourceTree = "<group>";
		};
		DA0BF73FBE0AB87C3325457D /* Frameworks */ = {
			isa = PBXGroup;
			children = (
				F47090A6B0BCFDA54112AD7E /* Pods_paperView.framework */,
			);
			name = Frameworks;
			sourceTree = "<group>";
		};
/* End PBXGroup section */

/* Begin PBXNativeTarget section */
		46358A052A8B82220032097C /* paperView */ = {
			isa = PBXNativeTarget;
			buildConfigurationList = 46358A1A2A8B82240032097C /* Build configuration list for PBXNativeTarget "paperView" */;
			buildPhases = (
				6CCC9BBB1E9C9B2D0ACA57DC /* [CP] Check Pods Manifest.lock */,
				46358A022A8B82220032097C /* Sources */,
				46358A032A8B82220032097C /* Frameworks */,
				46358A042A8B82220032097C /* Resources */,
				CC0A2E1E4E2BCBB2F85650AA /* [CP] Embed Pods Frameworks */,
			);
			buildRules = (
			);
			dependencies = (
			);
			name = paperView;
			productName = paperView;
			productReference = 46358A062A8B82220032097C /* paperView.app */;
			productType = "com.apple.product-type.application";
		};
/* End PBXNativeTarget section */

/* Begin PBXProject section */
		463589FE2A8B82220032097C /* Project object */ = {
			isa = PBXProject;
			attributes = {
				BuildIndependentTargetsInParallel = 1;
				LastSwiftUpdateCheck = 1430;
				LastUpgradeCheck = 1430;
				TargetAttributes = {
					46358A052A8B82220032097C = {
						CreatedOnToolsVersion = 14.3.1;
					};
				};
			};
			buildConfigurationList = 46358A012A8B82220032097C /* Build configuration list for PBXProject "paperView" */;
			compatibilityVersion = "Xcode 14.0";
			developmentRegion = en;
			hasScannedForEncodings = 0;
			knownRegions = (
				en,
				Base,
			);
			mainGroup = 463589FD2A8B82220032097C;
			productRefGroup = 46358A072A8B82220032097C /* Products */;
			projectDirPath = "";
			projectRoot = "";
			targets = (
				46358A052A8B82220032097C /* paperView */,
			);
		};
/* End PBXProject section */

/* Begin PBXResourcesBuildPhase section */
		46358A042A8B82220032097C /* Resources */ = {
			isa = PBXResourcesBuildPhase;
			buildActionMask = 2147483647;
			files = (
				46358A162A8B82240032097C /* LaunchScreen.storyboard in Resources */,
				46F7F0DF2A8B902C002B6935 /* 4.jpg in Resources */,
				46358A132A8B82240032097C /* Assets.xcassets in Resources */,
				46F7F0DD2A8B902C002B6935 /* 2.jpg in Resources */,
				46F7F0DE2A8B902C002B6935 /* 1.jpg in Resources */,
				46358A112A8B82220032097C /* Main.storyboard in Resources */,
				46F7F0DC2A8B902C002B6935 /* 3.jpg in Resources */,
			);
			runOnlyForDeploymentPostprocessing = 0;
		};
/* End PBXResourcesBuildPhase section */

/* Begin PBXShellScriptBuildPhase section */
		6CCC9BBB1E9C9B2D0ACA57DC /* [CP] Check Pods Manifest.lock */ = {
			isa = PBXShellScriptBuildPhase;
			buildActionMask = 2147483647;
			files = (
			);
			inputFileListPaths = (
			);
			inputPaths = (
				"${PODS_PODFILE_DIR_PATH}/Podfile.lock",
				"${PODS_ROOT}/Manifest.lock",
			);
			name = "[CP] Check Pods Manifest.lock";
			outputFileListPaths = (
			);
			outputPaths = (
				"$(DERIVED_FILE_DIR)/Pods-paperView-checkManifestLockResult.txt",
			);
			runOnlyForDeploymentPostprocessing = 0;
			shellPath = /bin/sh;
			shellScript = "diff \"${PODS_PODFILE_DIR_PATH}/Podfile.lock\" \"${PODS_ROOT}/Manifest.lock\" > /dev/null\nif [ $? != 0 ] ; then\n    # print error to STDERR\n    echo \"error: The sandbox is not in sync with the Podfile.lock. Run 'pod install' or update your CocoaPods installation.\" >&2\n    exit 1\nfi\n# This output is used by Xcode 'outputs' to avoid re-running this script phase.\necho \"SUCCESS\" > \"${SCRIPT_OUTPUT_FILE_0}\"\n";
			showEnvVarsInLog = 0;
		};
		CC0A2E1E4E2BCBB2F85650AA /* [CP] Embed Pods Frameworks */ = {
			isa = PBXShellScriptBuildPhase;
			buildActionMask = 2147483647;
			files = (
			);
			inputFileListPaths = (
				"${PODS_ROOT}/Target Support Files/Pods-paperView/Pods-paperView-frameworks-${CONFIGURATION}-input-files.xcfilelist",
			);
			name = "[CP] Embed Pods Frameworks";
			outputFileListPaths = (
				"${PODS_ROOT}/Target Support Files/Pods-paperView/Pods-paperView-frameworks-${CONFIGURATION}-output-files.xcfilelist",
			);
			runOnlyForDeploymentPostprocessing = 0;
			shellPath = /bin/sh;
			shellScript = "\"${PODS_ROOT}/Target Support Files/Pods-paperView/Pods-paperView-frameworks.sh\"\n";
			showEnvVarsInLog = 0;
		};
/* End PBXShellScriptBuildPhase section */

/* Begin PBXSourcesBuildPhase section */
		46358A022A8B82220032097C /* Sources */ = {
			isa = PBXSourcesBuildPhase;
			buildActionMask = 2147483647;
			files = (
				46358A0E2A8B82220032097C /* ViewController.swift in Sources */,
				46358A0A2A8B82220032097C /* AppDelegate.swift in Sources */,
				46358A0C2A8B82220032097C /* SceneDelegate.swift in Sources */,
			);
			runOnlyForDeploymentPostprocessing = 0;
		};
/* End PBXSourcesBuildPhase section */

/* Begin PBXVariantGroup section */
		46358A0F2A8B82220032097C /* Main.storyboard */ = {
			isa = PBXVariantGroup;
			children = (
				46358A102A8B82220032097C /* Base */,
			);
			name = Main.storyboard;
			sourceTree = "<group>";
		};
		46358A142A8B82240032097C /* LaunchScreen.storyboard */ = {
			isa = PBXVariantGroup;
			children = (
				46358A152A8B82240032097C /* Base */,
			);
			name = LaunchScreen.storyboard;
			sourceTree = "<group>";
		};
/* End PBXVariantGroup section */

/* Begin XCBuildConfiguration section */
		46358A182A8B82240032097C /* Debug */ = {
			isa = XCBuildConfiguration;
			buildSettings = {
				ALWAYS_SEARCH_USER_PATHS = NO;
				CLANG_ANALYZER_NONNULL = YES;
				CLANG_ANALYZER_NUMBER_OBJECT_CONVERSION = YES_AGGRESSIVE;
				CLANG_CXX_LANGUAGE_STANDARD = "gnu++20";
				CLANG_ENABLE_MODULES = YES;
				CLANG_ENABLE_OBJC_ARC = YES;
				CLANG_ENABLE_OBJC_WEAK = YES;
				CLANG_WARN_BLOCK_CAPTURE_AUTORELEASING = YES;
				CLANG_WARN_BOOL_CONVERSION = YES;
				CLANG_WARN_COMMA = YES;
				CLANG_WARN_CONSTANT_CONVERSION = YES;
				CLANG_WARN_DEPRECATED_OBJC_IMPLEMENTATIONS = YES;
				CLANG_WARN_DIRECT_OBJC_ISA_USAGE = YES_ERROR;
				CLANG_WARN_DOCUMENTATION_COMMENTS = YES;
				CLANG_WARN_EMPTY_BODY = YES;
				CLANG_WARN_ENUM_CONVERSION = YES;
				CLANG_WARN_INFINITE_RECURSION = YES;
				CLANG_WARN_INT_CONVERSION = YES;
				CLANG_WARN_NON_LITERAL_NULL_CONVERSION = YES;
				CLANG_WARN_OBJC_IMPLICIT_RETAIN_SELF = YES;
				CLANG_WARN_OBJC_LITERAL_CONVERSION = YES;
				CLANG_WARN_OBJC_ROOT_CLASS = YES_ERROR;
				CLANG_WARN_QUOTED_INCLUDE_IN_FRAMEWORK_HEADER = YES;
				CLANG_WARN_RANGE_LOOP_ANALYSIS = YES;
				CLANG_WARN_STRICT_PROTOTYPES = YES;
				CLANG_WARN_SUSPICIOUS_MOVE = YES;
				CLANG_WARN_UNGUARDED_AVAILABILITY = YES_AGGRESSIVE;
				CLANG_WARN_UNREACHABLE_CODE = YES;
				CLANG_WARN__DUPLICATE_METHOD_MATCH = YES;
				COPY_PHASE_STRIP = NO;
				DEBUG_INFORMATION_FORMAT = dwarf;
				ENABLE_STRICT_OBJC_MSGSEND = YES;
				ENABLE_TESTABILITY = YES;
				GCC_C_LANGUAGE_STANDARD = gnu11;
				GCC_DYNAMIC_NO_PIC = NO;
				GCC_NO_COMMON_BLOCKS = YES;
				GCC_OPTIMIZATION_LEVEL = 0;
				GCC_PREPROCESSOR_DEFINITIONS = (
					"DEBUG=1",
					"$(inherited)",
				);
				GCC_WARN_64_TO_32_BIT_CONVERSION = YES;
				GCC_WARN_ABOUT_RETURN_TYPE = YES_ERROR;
				GCC_WARN_UNDECLARED_SELECTOR = YES;
				GCC_WARN_UNINITIALIZED_AUTOS = YES_AGGRESSIVE;
				GCC_WARN_UNUSED_FUNCTION = YES;
				GCC_WARN_UNUSED_VARIABLE = YES;
				IPHONEOS_DEPLOYMENT_TARGET = 16.4;
				MTL_ENABLE_DEBUG_INFO = INCLUDE_SOURCE;
				MTL_FAST_MATH = YES;
				ONLY_ACTIVE_ARCH = YES;
				SDKROOT = iphoneos;
				SWIFT_ACTIVE_COMPILATION_CONDITIONS = DEBUG;
				SWIFT_OPTIMIZATION_LEVEL = "-Onone";
			};
			name = Debug;
		};
		46358A192A8B82240032097C /* Release */ = {
			isa = XCBuildConfiguration;
			buildSettings = {
				ALWAYS_SEARCH_USER_PATHS = NO;
				CLANG_ANALYZER_NONNULL = YES;
				CLANG_ANALYZER_NUMBER_OBJECT_CONVERSION = YES_AGGRESSIVE;
				CLANG_CXX_LANGUAGE_STANDARD = "gnu++20";
				CLANG_ENABLE_MODULES = YES;
				CLANG_ENABLE_OBJC_ARC = YES;
				CLANG_ENABLE_OBJC_WEAK = YES;
				CLANG_WARN_BLOCK_CAPTURE_AUTORELEASING = YES;
				CLANG_WARN_BOOL_CONVERSION = YES;
				CLANG_WARN_COMMA = YES;
				CLANG_WARN_CONSTANT_CONVERSION = YES;
				CLANG_WARN_DEPRECATED_OBJC_IMPLEMENTATIONS = YES;
				CLANG_WARN_DIRECT_OBJC_ISA_USAGE = YES_ERROR;
				CLANG_WARN_DOCUMENTATION_COMMENTS = YES;
				CLANG_WARN_EMPTY_BODY = YES;
				CLANG_WARN_ENUM_CONVERSION = YES;
				CLANG_WARN_INFINITE_RECURSION = YES;
				CLANG_WARN_INT_CONVERSION = YES;
				CLANG_WARN_NON_LITERAL_NULL_CONVERSION = YES;
				CLANG_WARN_OBJC_IMPLICIT_RETAIN_SELF = YES;
				CLANG_WARN_OBJC_LITERAL_CONVERSION = YES;
				CLANG_WARN_OBJC_ROOT_CLASS = YES_ERROR;
				CLANG_WARN_QUOTED_INCLUDE_IN_FRAMEWORK_HEADER = YES;
				CLANG_WARN_RANGE_LOOP_ANALYSIS = YES;
				CLANG_WARN_STRICT_PROTOTYPES = YES;
				CLANG_WARN_SUSPICIOUS_MOVE = YES;
				CLANG_WARN_UNGUARDED_AVAILABILITY = YES_AGGRESSIVE;
				CLANG_WARN_UNREACHABLE_CODE = YES;
				CLANG_WARN__DUPLICATE_METHOD_MATCH = YES;
				COPY_PHASE_STRIP = NO;
				DEBUG_INFORMATION_FORMAT = "dwarf-with-dsym";
				ENABLE_NS_ASSERTIONS = NO;
				ENABLE_STRICT_OBJC_MSGSEND = YES;
				GCC_C_LANGUAGE_STANDARD = gnu11;
				GCC_NO_COMMON_BLOCKS = YES;
				GCC_WARN_64_TO_32_BIT_CONVERSION = YES;
				GCC_WARN_ABOUT_RETURN_TYPE = YES_ERROR;
				GCC_WARN_UNDECLARED_SELECTOR = YES;
				GCC_WARN_UNINITIALIZED_AUTOS = YES_AGGRESSIVE;
				GCC_WARN_UNUSED_FUNCTION = YES;
				GCC_WARN_UNUSED_VARIABLE = YES;
				IPHONEOS_DEPLOYMENT_TARGET = 16.4;
				MTL_ENABLE_DEBUG_INFO = NO;
				MTL_FAST_MATH = YES;
				SDKROOT = iphoneos;
				SWIFT_COMPILATION_MODE = wholemodule;
				SWIFT_OPTIMIZATION_LEVEL = "-O";
				VALIDATE_PRODUCT = YES;
			};
			name = Release;
		};
		46358A1B2A8B82240032097C /* Debug */ = {
			isa = XCBuildConfiguration;
			baseConfigurationReference = CD9609CC3EA7D251C88E2CD5 /* Pods-paperView.debug.xcconfig */;
			buildSettings = {
				ASSETCATALOG_COMPILER_APPICON_NAME = AppIcon;
				ASSETCATALOG_COMPILER_GLOBAL_ACCENT_COLOR_NAME = AccentColor;
				CODE_SIGN_STYLE = Automatic;
				CURRENT_PROJECT_VERSION = 1;
				DEVELOPMENT_TEAM = 3A4DVVRAQG;
				GENERATE_INFOPLIST_FILE = YES;
				INFOPLIST_FILE = paperView/Info.plist;
				INFOPLIST_KEY_UIApplicationSupportsIndirectInputEvents = YES;
				INFOPLIST_KEY_UILaunchStoryboardName = LaunchScreen;
				INFOPLIST_KEY_UIMainStoryboardFile = Main;
				INFOPLIST_KEY_UISupportedInterfaceOrientations_iPad = "UIInterfaceOrientationPortrait UIInterfaceOrientationPortraitUpsideDown UIInterfaceOrientationLandscapeLeft UIInterfaceOrientationLandscapeRight";
				INFOPLIST_KEY_UISupportedInterfaceOrientations_iPhone = "UIInterfaceOrientationPortrait UIInterfaceOrientationLandscapeLeft UIInterfaceOrientationLandscapeRight";
				LD_RUNPATH_SEARCH_PATHS = (
					"$(inherited)",
					"@executable_path/Frameworks",
				);
				MARKETING_VERSION = 1.0;
				PRODUCT_BUNDLE_IDENTIFIER = com.kgj0314.paperView;
				PRODUCT_NAME = "$(TARGET_NAME)";
				SWIFT_EMIT_LOC_STRINGS = YES;
				SWIFT_VERSION = 5.0;
				TARGETED_DEVICE_FAMILY = "1,2";
			};
			name = Debug;
		};
		46358A1C2A8B82240032097C /* Release */ = {
			isa = XCBuildConfiguration;
			baseConfigurationReference = 14DB7EA938A11717A6729CF6 /* Pods-paperView.release.xcconfig */;
			buildSettings = {
				ASSETCATALOG_COMPILER_APPICON_NAME = AppIcon;
				ASSETCATALOG_COMPILER_GLOBAL_ACCENT_COLOR_NAME = AccentColor;
				CODE_SIGN_STYLE = Automatic;
				CURRENT_PROJECT_VERSION = 1;
				DEVELOPMENT_TEAM = 3A4DVVRAQG;
				GENERATE_INFOPLIST_FILE = YES;
				INFOPLIST_FILE = paperView/Info.plist;
				INFOPLIST_KEY_UIApplicationSupportsIndirectInputEvents = YES;
				INFOPLIST_KEY_UILaunchStoryboardName = LaunchScreen;
				INFOPLIST_KEY_UIMainStoryboardFile = Main;
				INFOPLIST_KEY_UISupportedInterfaceOrientations_iPad = "UIInterfaceOrientationPortrait UIInterfaceOrientationPortraitUpsideDown UIInterfaceOrientationLandscapeLeft UIInterfaceOrientationLandscapeRight";
				INFOPLIST_KEY_UISupportedInterfaceOrientations_iPhone = "UIInterfaceOrientationPortrait UIInterfaceOrientationLandscapeLeft UIInterfaceOrientationLandscapeRight";
				LD_RUNPATH_SEARCH_PATHS = (
					"$(inherited)",
					"@executable_path/Frameworks",
				);
				MARKETING_VERSION = 1.0;
				PRODUCT_BUNDLE_IDENTIFIER = com.kgj0314.paperView;
				PRODUCT_NAME = "$(TARGET_NAME)";
				SWIFT_EMIT_LOC_STRINGS = YES;
				SWIFT_VERSION = 5.0;
				TARGETED_DEVICE_FAMILY = "1,2";
			};
			name = Release;
		};
/* End XCBuildConfiguration section */

/* Begin XCConfigurationList section */
		46358A012A8B82220032097C /* Build configuration list for PBXProject "paperView" */ = {
			isa = XCConfigurationList;
			buildConfigurations = (
				46358A182A8B82240032097C /* Debug */,
				46358A192A8B82240032097C /* Release */,
			);
			defaultConfigurationIsVisible = 0;
			defaultConfigurationName = Release;
		};
		46358A1A2A8B82240032097C /* Build configuration list for PBXNativeTarget "paperView" */ = {
			isa = XCConfigurationList;
			buildConfigurations = (
				46358A1B2A8B82240032097C /* Debug */,
				46358A1C2A8B82240032097C /* Release */,
			);
			defaultConfigurationIsVisible = 0;
			defaultConfigurationName = Release;
		};
/* End XCConfigurationList section */
	};
	rootObject = 463589FE2A8B82220032097C /* Project object */;
}
